schema_version: 1
status: observed_candidate_not_release_locked
observed_at: "2026-08-05"

container:
  engine: docker_or_podman
  base_image: docker.io/library/ubuntu:24.04
  platform: linux/amd64
  manifest_digest: sha256:561618e2c15bf2397621dd04f96926663a3b5616c189cf7e38db7e82f5c538ea
  platform_digest: sha256:019e8eb29a85e74d64925745884f2ec79aa27e3feab36353d24656f4d6b89467
  ubuntu_snapshot: 20260805T000000Z
  definition: containers/m0/Dockerfile
  status: optional_not_required_for_host_native_development

platform:
  os: Ubuntu 24.04.4 LTS
  architecture: x86_64

apt_sources_observed:
  ubuntu: http://archive.ubuntu.com/ubuntu
  ubuntu_security: http://security.ubuntu.com/ubuntu
  gazebo: http://packages.osrfoundation.org/gazebo/ubuntu-stable
  snapshot: 20260805T000000Z

build:
  cmake: 3.28.3
  cmake_deb: 3.28.3-1build7
  gcc: 13.3.0
  gcc_deb: 4:13.2.0-7ubuntu1
  gxx: 13.3.0
  gxx_deb: 4:13.2.0-7ubuntu1
  git: 2.43.0
  git_deb: 1:2.43.0-1ubuntu7.3
  eigen3_deb: 3.4.0-4build0.1
  googletest_deb: 1.14.0-1

ros2:
  distribution: jazzy
  installation_prefix: /opt/ros/jazzy
  selected_packages:
    ament_cmake: 2.5.6-2noble.20260225.222913
    rclcpp: 28.1.21-1noble.20260615.133124
    ros_base: 0.11.0-1noble.20260616.084325
  status: observed; apt repository snapshot is not pinned

gazebo:
  collection: Harmonic
  model: gz_x500
  selected_runtime: system_osrf_packages
  selected_runtime_version: 8.14.0
  installed_collection_package: 1.0.0-1~noble
  selected_runtime_packages:
    gz_sim8_cli: 8.14.0-1~noble
    libgz_sim8: 8.14.0-1~noble
  ros_jazzy_vendor_runtime_version: 8.11.0
  status: verified_with_runtime_wrapper

repositories:
  mrs_mpc_solvers: f173ea285cce7bbbfc1dbc382e31c761f44b0963
  px4_autopilot: d6f12ad1c4f70ad3230afd7d86e971421e02fef4
  px4_msgs: 86d8239e962f6939e05c3737784f60c02fa884db
  px4_msgs_checkout: third_party/px4_msgs
  px4_msgs_overlay: install/ros_px4_msgs

ros_packages:
  ament_cmake_deb: 2.5.6-2noble.20260225.222913
  rclcpp_deb: 28.1.21-1noble.20260615.133124
  ros_base_deb: 0.11.0-1noble.20260616.084325
  px4_msgs_package_version: 2.0.1

compatibility:
  px4_msgs_trajectory_setpoint: verified_identical
  px4_msgs_trajectory_setpoint_sha256: d5671f1a094a9183e2337171ab738ae3395442e024b58aaacbf51c2b0188d5e2

lock_requirements:
  - Pin exact host package versions for the development baseline.
  - Use the system Harmonic 8.14.0 runtime without ROS vendor 8.11.0 paths.
  - Verify px4_msgs message compatibility against official PX4 v1.17.0.
  - Pin an Ubuntu apt snapshot or container image digest only for clean-machine
    or release reproducibility claims.
